
Microsoft Visual Studio Solution File, Format Version 12.00
# Visual Studio Version 17
VisualStudioVersion = 17.14.36212.18 d17.14
MinimumVisualStudioVersion = 10.0.40219.1
Project("{FAE04EC0-301F-11D3-BF4B-00C04F79EFBC}") = "OfflineEmailManager", "OfflineEmailManager.csproj", "{8320CC02-8F8C-23F3-8224-56BA36427398}"
EndProject
Global
	GlobalSection(SolutionConfigurationPlatforms) = preSolution
		Debug|Any CPU = Debug|Any CPU
		Release|Any CPU = Release|Any CPU
	EndGlobalSection
	GlobalSection(ProjectConfigurationPlatforms) = postSolution
		{8320CC02-8F8C-23F3-8224-56BA36427398}.Debug|Any CPU.ActiveCfg = Debug|Any CPU
		{8320CC02-8F8C-23F3-8224-56BA36427398}.Debug|Any CPU.Build.0 = Debug|Any CPU
		{8320CC02-8F8C-23F3-8224-56BA36427398}.Release|Any CPU.ActiveCfg = Release|Any CPU
		{8320CC02-8F8C-23F3-8224-56BA36427398}.Release|Any CPU.Build.0 = Release|Any CPU
	EndGlobalSection
	GlobalSection(SolutionProperties) = preSolution
		HideSolutionNode = FALSE
	EndGlobalSection
	GlobalSection(ExtensibilityGlobals) = postSolution
		SolutionGuid = {D3C48D88-17E3-47BC-9319-449693D63DAB}
	EndGlobalSection
EndGlobal
